
Microsoft Visual Studio Solution File, Format Version 12.00
# Visual Studio 15
VisualStudioVersion = 15.0.27703.2026
MinimumVisualStudioVersion = 10.0.40219.1
Project("{FAE04EC0-301F-11D3-BF4B-00C04F79EFBC}") = "4chanDiscordBot", "4chanDiscordBot\4chanDiscordBot.csproj", "{D78346AD-B146-46B8-8B8C-77382D07ECAC}"
EndProject
Global
	GlobalSection(SolutionConfigurationPlatforms) = preSolution
		Debug|Any CPU = Debug|Any CPU
		Release|Any CPU = Release|Any CPU
	EndGlobalSection
	GlobalSection(ProjectConfigurationPlatforms) = postSolution
		{D78346AD-B146-46B8-8B8C-77382D07ECAC}.Debug|Any CPU.ActiveCfg = Debug|Any CPU
		{D78346AD-B146-46B8-8B8C-77382D07ECAC}.Debug|Any CPU.Build.0 = Debug|Any CPU
		{D78346AD-B146-46B8-8B8C-77382D07ECAC}.Release|Any CPU.ActiveCfg = Release|Any CPU
		{D78346AD-B146-46B8-8B8C-77382D07ECAC}.Release|Any CPU.Build.0 = Release|Any CPU
	EndGlobalSection
	GlobalSection(SolutionProperties) = preSolution
		HideSolutionNode = FALSE
	EndGlobalSection
	GlobalSection(ExtensibilityGlobals) = postSolution
		SolutionGuid = {4657B990-9FEF-4BBB-867A-E7ED62F07938}
	EndGlobalSection
EndGlobal
